
Microsoft Visual Studio Solution File, Format Version 12.00
# Visual Studio 15
VisualStudioVersion = 15.0.28307.168
MinimumVisualStudioVersion = 10.0.40219.1
Project("{FAE04EC0-301F-11D3-BF4B-00C04F79EFBC}") = "HelloWorld.Android", "HelloWorld\HelloWorld.Android\HelloWorld.Android.csproj", "{41FA20A0-3FB5-4F7E-912A-FE37E4DAD6A8}"
EndProject
Project("{FAE04EC0-301F-11D3-BF4B-00C04F79EFBC}") = "HelloWorld.iOS", "HelloWorld\HelloWorld.iOS\HelloWorld.iOS.csproj", "{AEE8096C-A215-44C6-837F-FB0646A9C6F2}"
EndProject
Project("{FAE04EC0-301F-11D3-BF4B-00C04F79EFBC}") = "HelloWorld.UWP", "HelloWorld\HelloWorld.UWP\HelloWorld.UWP.csproj", "{CA43C4D7-2A17-4C89-BB0D-B03F20152F3A}"
EndProject
Project("{D954291E-2A0B-460D-934E-DC6B0785DB48}") = "HelloWorld", "HelloWorld\HelloWorld\HelloWorld.shproj", "{3BFDAEA1-C63E-49B2-82FE-E13ED8BE0CDA}"
EndProject
Global
	GlobalSection(SharedMSBuildProjectFiles) = preSolution
		HelloWorld\HelloWorld\HelloWorld.projitems*{3bfdaea1-c63e-49b2-82fe-e13ed8be0cda}*SharedItemsImports = 13
		HelloWorld\HelloWorld\HelloWorld.projitems*{41fa20a0-3fb5-4f7e-912a-fe37e4dad6a8}*SharedItemsImports = 4
		HelloWorld\HelloWorld\HelloWorld.projitems*{aee8096c-a215-44c6-837f-fb0646a9c6f2}*SharedItemsImports = 4
		HelloWorld\HelloWorld\HelloWorld.projitems*{ca43c4d7-2a17-4c89-bb0d-b03f20152f3a}*SharedItemsImports = 4
	EndGlobalSection
	GlobalSection(SolutionConfigurationPlatforms) = preSolution
		Ad-Hoc|Any CPU = Ad-Hoc|Any CPU
		Ad-Hoc|ARM = Ad-Hoc|ARM
		Ad-Hoc|iPhone = Ad-Hoc|iPhone
		Ad-Hoc|iPhoneSimulator = Ad-Hoc|iPhoneSimulator
		Ad-Hoc|x64 = Ad-Hoc|x64
		Ad-Hoc|x86 = Ad-Hoc|x86
		AppStore|Any CPU = AppStore|Any CPU
		AppStore|ARM = AppStore|ARM
		AppStore|iPhone = AppStore|iPhone
		AppStore|iPhoneSimulator = AppStore|iPhoneSimulator
		AppStore|x64 = AppStore|x64
		AppStore|x86 = AppStore|x86
		Debug|Any CPU = Debug|Any CPU
		Debug|ARM = Debug|ARM
		Debug|iPhone = Debug|iPhone
		Debug|iPhoneSimulator = Debug|iPhoneSimulator
		Debug|x64 = Debug|x64
		Debug|x86 = Debug|x86
		Release|Any CPU = Release|Any CPU
		Release|ARM = Release|ARM
		Release|iPhone = Release|iPhone
		Release|iPhoneSimulator = Release|iPhoneSimulator
		Release|x64 = Release|x64
		Release|x86 = Release|x86
	EndGlobalSection
	GlobalSection(ProjectConfigurationPlatforms) = postSolution
		{41FA20A0-3FB5-4F7E-912A-FE37E4DAD6A8}.Ad-Hoc|Any CPU.ActiveCfg = Release|Any CPU
		{41FA20A0-3FB5-4F7E-912A-FE37E4DAD6A8}.Ad-Hoc|Any CPU.Build.0 = Release|Any CPU
		{41FA20A0-3FB5-4F7E-912A-FE37E4DAD6A8}.Ad-Hoc|Any CPU.Deploy.0 = Release|Any CPU
		{41FA20A0-3FB5-4F7E-912A-FE37E4DAD6A8}.Ad-Hoc|ARM.ActiveCfg = Release|Any CPU
		{41FA20A0-3FB5-4F7E-912A-FE37E4DAD6A8}.Ad-Hoc|ARM.Build.0 = Release|Any CPU
		{41FA20A0-3FB5-4F7E-912A-FE37E4DAD6A8}.Ad-Hoc|ARM.Deploy.0 = Release|Any CPU
		{41FA20A0-3FB5-4F7E-912A-FE37E4DAD6A8}.Ad-Hoc|iPhone.ActiveCfg = Release|Any CPU
		{41FA20A0-3FB5-4F7E-912A-FE37E4DAD6A8}.Ad-Hoc|iPhone.Build.0 = Release|Any CPU
		{41FA20A0-3FB5-4F7E-912A-FE37E4DAD6A8}.Ad-Hoc|iPhone.Deploy.0 = Release|Any CPU
		{41FA20A0-3FB5-4F7E-912A-FE37E4DAD6A8}.Ad-Hoc|iPhoneSimulator.ActiveCfg = Release|Any CPU
		{41FA20A0-3FB5-4F7E-912A-FE37E4DAD6A8}.Ad-Hoc|iPhoneSimulator.Build.0 = Release|Any CPU
		{41FA20A0-3FB5-4F7E-912A-FE37E4DAD6A8}.Ad-Hoc|iPhoneSimulator.Deploy.0 = Release|Any CPU
		{41FA20A0-3FB5-4F7E-912A-FE37E4DAD6A8}.Ad-Hoc|x64.ActiveCfg = Release|Any CPU
		{41FA20A0-3FB5-4F7E-912A-FE37E4DAD6A8}.Ad-Hoc|x64.Build.0 = Release|Any CPU
		{41FA20A0-3FB5-4F7E-912A-FE37E4DAD6A8}.Ad-Hoc|x64.Deploy.0 = Release|Any CPU
		{41FA20A0-3FB5-4F7E-912A-FE37E4DAD6A8}.Ad-Hoc|x86.ActiveCfg = Release|Any CPU
		{41FA20A0-3FB5-4F7E-912A-FE37E4DAD6A8}.Ad-Hoc|x86.Build.0 = Release|Any CPU
		{41FA20A0-3FB5-4F7E-912A-FE37E4DAD6A8}.Ad-Hoc|x86.Deploy.0 = Release|Any CPU
		{41FA20A0-3FB5-4F7E-912A-FE37E4DAD6A8}.AppStore|Any CPU.ActiveCfg = Release|Any CPU
		{41FA20A0-3FB5-4F7E-912A-FE37E4DAD6A8}.AppStore|Any CPU.Build.0 = Release|Any CPU
		{41FA20A0-3FB5-4F7E-912A-FE37E4DAD6A8}.AppStore|Any CPU.Deploy.0 = Release|Any CPU
		{41FA20A0-3FB5-4F7E-912A-FE37E4DAD6A8}.AppStore|ARM.ActiveCfg = Release|Any CPU
		{41FA20A0-3FB5-4F7E-912A-FE37E4DAD6A8}.AppStore|ARM.Build.0 = Release|Any CPU
		{41FA20A0-3FB5-4F7E-912A-FE37E4DAD6A8}.AppStore|ARM.Deploy.0 = Release|Any CPU
		{41FA20A0-3FB5-4F7E-912A-FE37E4DAD6A8}.AppStore|iPhone.ActiveCfg = Release|Any CPU
		{41FA20A0-3FB5-4F7E-912A-FE37E4DAD6A8}.AppStore|iPhone.Build.0 = Release|Any CPU
		{41FA20A0-3FB5-4F7E-912A-FE37E4DAD6A8}.AppStore|iPhone.Deploy.0 = Release|Any CPU
		{41FA20A0-3FB5-4F7E-912A-FE37E4DAD6A8}.AppStore|iPhoneSimulator.ActiveCfg = Release|Any CPU
		{41FA20A0-3FB5-4F7E-912A-FE37E4DAD6A8}.AppStore|iPhoneSimulator.Build.0 = Release|Any CPU
		{41FA20A0-3FB5-4F7E-912A-FE37E4DAD6A8}.AppStore|iPhoneSimulator.Deploy.0 = Release|Any CPU
		{41FA20A0-3FB5-4F7E-912A-FE37E4DAD6A8}.AppStore|x64.ActiveCfg = Release|Any CPU
		{41FA20A0-3FB5-4F7E-912A-FE37E4DAD6A8}.AppStore|x64.Build.0 = Release|Any CPU
		{41FA20A0-3FB5-4F7E-912A-FE37E4DAD6A8}.AppStore|x64.Deploy.0 = Release|Any CPU
		{41FA20A0-3FB5-4F7E-912A-FE37E4DAD6A8}.AppStore|x86.ActiveCfg = Release|Any CPU
		{41FA20A0-3FB5-4F7E-912A-FE37E4DAD6A8}.AppStore|x86.Build.0 = Release|Any CPU
		{41FA20A0-3FB5-4F7E-912A-FE37E4DAD6A8}.AppStore|x86.Deploy.0 = Release|Any CPU
		{41FA20A0-3FB5-4F7E-912A-FE37E4DAD6A8}.Debug|Any CPU.ActiveCfg = Debug|Any CPU
		{41FA20A0-3FB5-4F7E-912A-FE37E4DAD6A8}.Debug|Any CPU.Build.0 = Debug|Any CPU
		{41FA20A0-3FB5-4F7E-912A-FE37E4DAD6A8}.Debug|Any CPU.Deploy.0 = Debug|Any CPU
		{41FA20A0-3FB5-4F7E-912A-FE37E4DAD6A8}.Debug|ARM.ActiveCfg = Debug|Any CPU
		{41FA20A0-3FB5-4F7E-912A-FE37E4DAD6A8}.Debug|ARM.Build.0 = Debug|Any CPU
		{41FA20A0-3FB5-4F7E-912A-FE37E4DAD6A8}.Debug|ARM.Deploy.0 = Debug|Any CPU
		{41FA20A0-3FB5-4F7E-912A-FE37E4DAD6A8}.Debug|iPhone.ActiveCfg = Debug|Any CPU
		{41FA20A0-3FB5-4F7E-912A-FE37E4DAD6A8}.Debug|iPhone.Build.0 = Debug|Any CPU
		{41FA20A0-3FB5-4F7E-912A-FE37E4DAD6A8}.Debug|iPhone.Deploy.0 = Debug|Any CPU
		{41FA20A0-3FB5-4F7E-912A-FE37E4DAD6A8}.Debug|iPhoneSimulator.ActiveCfg = Debug|Any CPU
		{41FA20A0-3FB5-4F7E-912A-FE37E4DAD6A8}.Debug|iPhoneSimulator.Build.0 = Debug|Any CPU
		{41FA20A0-3FB5-4F7E-912A-FE37E4DAD6A8}.Debug|iPhoneSimulator.Deploy.0 = Debug|Any CPU
		{41FA20A0-3FB5-4F7E-912A-FE37E4DAD6A8}.Debug|x64.ActiveCfg = Debug|Any CPU
		{41FA20A0-3FB5-4F7E-912A-FE37E4DAD6A8}.Debug|x64.Build.0 = Debug|Any CPU
		{41FA20A0-3FB5-4F7E-912A-FE37E4DAD6A8}.Debug|x64.Deploy.0 = Debug|Any CPU
		{41FA20A0-3FB5-4F7E-912A-FE37E4DAD6A8}.Debug|x86.ActiveCfg = Debug|Any CPU
		{41FA20A0-3FB5-4F7E-912A-FE37E4DAD6A8}.Debug|x86.Build.0 = Debug|Any CPU
		{41FA20A0-3FB5-4F7E-912A-FE37E4DAD6A8}.Debug|x86.Deploy.0 = Debug|Any CPU
		{41FA20A0-3FB5-4F7E-912A-FE37E4DAD6A8}.Release|Any CPU.ActiveCfg = Release|Any CPU
		{41FA20A0-3FB5-4F7E-912A-FE37E4DAD6A8}.Release|Any CPU.Build.0 = Release|Any CPU
		{41FA20A0-3FB5-4F7E-912A-FE37E4DAD6A8}.Release|Any CPU.Deploy.0 = Release|Any CPU
		{41FA20A0-3FB5-4F7E-912A-FE37E4DAD6A8}.Release|ARM.ActiveCfg = Release|Any CPU
		{41FA20A0-3FB5-4F7E-912A-FE37E4DAD6A8}.Release|ARM.Build.0 = Release|Any CPU
		{41FA20A0-3FB5-4F7E-912A-FE37E4DAD6A8}.Release|ARM.Deploy.0 = Release|Any CPU
		{41FA20A0-3FB5-4F7E-912A-FE37E4DAD6A8}.Release|iPhone.ActiveCfg = Release|Any CPU
		{41FA20A0-3FB5-4F7E-912A-FE37E4DAD6A8}.Release|iPhone.Build.0 = Release|Any CPU
		{41FA20A0-3FB5-4F7E-912A-FE37E4DAD6A8}.Release|iPhone.Deploy.0 = Release|Any CPU
		{41FA20A0-3FB5-4F7E-912A-FE37E4DAD6A8}.Release|iPhoneSimulator.ActiveCfg = Release|Any CPU
		{41FA20A0-3FB5-4F7E-912A-FE37E4DAD6A8}.Release|iPhoneSimulator.Build.0 = Release|Any CPU
		{41FA20A0-3FB5-4F7E-912A-FE37E4DAD6A8}.Release|iPhoneSimulator.Deploy.0 = Release|Any CPU
		{41FA20A0-3FB5-4F7E-912A-FE37E4DAD6A8}.Release|x64.ActiveCfg = Release|Any CPU
		{41FA20A0-3FB5-4F7E-912A-FE37E4DAD6A8}.Release|x64.Build.0 = Release|Any CPU
		{41FA20A0-3FB5-4F7E-912A-FE37E4DAD6A8}.Release|x64.Deploy.0 = Release|Any CPU
		{41FA20A0-3FB5-4F7E-912A-FE37E4DAD6A8}.Release|x86.ActiveCfg = Release|Any CPU
		{41FA20A0-3FB5-4F7E-912A-FE37E4DAD6A8}.Release|x86.Build.0 = Release|Any CPU
		{41FA20A0-3FB5-4F7E-912A-FE37E4DAD6A8}.Release|x86.Deploy.0 = Release|Any CPU
		{AEE8096C-A215-44C6-837F-FB0646A9C6F2}.Ad-Hoc|Any CPU.ActiveCfg = Ad-Hoc|iPhone
		{AEE8096C-A215-44C6-837F-FB0646A9C6F2}.Ad-Hoc|Any CPU.Build.0 = Ad-Hoc|iPhone
		{AEE8096C-A215-44C6-837F-FB0646A9C6F2}.Ad-Hoc|Any CPU.Deploy.0 = Ad-Hoc|iPhone
		{AEE8096C-A215-44C6-837F-FB0646A9C6F2}.Ad-Hoc|ARM.ActiveCfg = Ad-Hoc|iPhone
		{AEE8096C-A215-44C6-837F-FB0646A9C6F2}.Ad-Hoc|ARM.Build.0 = Ad-Hoc|iPhone
		{AEE8096C-A215-44C6-837F-FB0646A9C6F2}.Ad-Hoc|ARM.Deploy.0 = Ad-Hoc|iPhone
		{AEE8096C-A215-44C6-837F-FB0646A9C6F2}.Ad-Hoc|iPhone.ActiveCfg = Ad-Hoc|iPhone
		{AEE8096C-A215-44C6-837F-FB0646A9C6F2}.Ad-Hoc|iPhone.Build.0 = Ad-Hoc|iPhone
		{AEE8096C-A215-44C6-837F-FB0646A9C6F2}.Ad-Hoc|iPhone.Deploy.0 = Ad-Hoc|iPhone
		{AEE8096C-A215-44C6-837F-FB0646A9C6F2}.Ad-Hoc|iPhoneSimulator.ActiveCfg = Ad-Hoc|iPhoneSimulator
		{AEE8096C-A215-44C6-837F-FB0646A9C6F2}.Ad-Hoc|iPhoneSimulator.Build.0 = Ad-Hoc|iPhoneSimulator
		{AEE8096C-A215-44C6-837F-FB0646A9C6F2}.Ad-Hoc|iPhoneSimulator.Deploy.0 = Ad-Hoc|iPhoneSimulator
		{AEE8096C-A215-44C6-837F-FB0646A9C6F2}.Ad-Hoc|x64.ActiveCfg = Ad-Hoc|iPhone
		{AEE8096C-A215-44C6-837F-FB0646A9C6F2}.Ad-Hoc|x64.Build.0 = Ad-Hoc|iPhone
		{AEE8096C-A215-44C6-837F-FB0646A9C6F2}.Ad-Hoc|x64.Deploy.0 = Ad-Hoc|iPhone
		{AEE8096C-A215-44C6-837F-FB0646A9C6F2}.Ad-Hoc|x86.ActiveCfg = Ad-Hoc|iPhone
		{AEE8096C-A215-44C6-837F-FB0646A9C6F2}.Ad-Hoc|x86.Build.0 = Ad-Hoc|iPhone
		{AEE8096C-A215-44C6-837F-FB0646A9C6F2}.Ad-Hoc|x86.Deploy.0 = Ad-Hoc|iPhone
		{AEE8096C-A215-44C6-837F-FB0646A9C6F2}.AppStore|Any CPU.ActiveCfg = AppStore|iPhone
		{AEE8096C-A215-44C6-837F-FB0646A9C6F2}.AppStore|Any CPU.Build.0 = AppStore|iPhone
		{AEE8096C-A215-44C6-837F-FB0646A9C6F2}.AppStore|Any CPU.Deploy.0 = AppStore|iPhone
		{AEE8096C-A215-44C6-837F-FB0646A9C6F2}.AppStore|ARM.ActiveCfg = AppStore|iPhone
		{AEE8096C-A215-44C6-837F-FB0646A9C6F2}.AppStore|ARM.Build.0 = AppStore|iPhone
		{AEE8096C-A215-44C6-837F-FB0646A9C6F2}.AppStore|ARM.Deploy.0 = AppStore|iPhone
		{AEE8096C-A215-44C6-837F-FB0646A9C6F2}.AppStore|iPhone.ActiveCfg = AppStore|iPhone
		{AEE8096C-A215-44C6-837F-FB0646A9C6F2}.AppStore|iPhone.Build.0 = AppStore|iPhone
		{AEE8096C-A215-44C6-837F-FB0646A9C6F2}.AppStore|iPhone.Deploy.0 = AppStore|iPhone
		{AEE8096C-A215-44C6-837F-FB0646A9C6F2}.AppStore|iPhoneSimulator.ActiveCfg = AppStore|iPhoneSimulator
		{AEE8096C-A215-44C6-837F-FB0646A9C6F2}.AppStore|iPhoneSimulator.Build.0 = AppStore|iPhoneSimulator
		{AEE8096C-A215-44C6-837F-FB0646A9C6F2}.AppStore|iPhoneSimulator.Deploy.0 = AppStore|iPhoneSimulator
		{AEE8096C-A215-44C6-837F-FB0646A9C6F2}.AppStore|x64.ActiveCfg = AppStore|iPhone
		{AEE8096C-A215-44C6-837F-FB0646A9C6F2}.AppStore|x64.Build.0 = AppStore|iPhone
		{AEE8096C-A215-44C6-837F-FB0646A9C6F2}.AppStore|x64.Deploy.0 = AppStore|iPhone
		{AEE8096C-A215-44C6-837F-FB0646A9C6F2}.AppStore|x86.ActiveCfg = AppStore|iPhone
		{AEE8096C-A215-44C6-837F-FB0646A9C6F2}.AppStore|x86.Build.0 = AppStore|iPhone
		{AEE8096C-A215-44C6-837F-FB0646A9C6F2}.AppStore|x86.Deploy.0 = AppStore|iPhone
		{AEE8096C-A215-44C6-837F-FB0646A9C6F2}.Debug|Any CPU.ActiveCfg = Debug|iPhoneSimulator
		{AEE8096C-A215-44C6-837F-FB0646A9C6F2}.Debug|Any CPU.Build.0 = Debug|iPhoneSimulator
		{AEE8096C-A215-44C6-837F-FB0646A9C6F2}.Debug|Any CPU.Deploy.0 = Debug|iPhoneSimulator
		{AEE8096C-A215-44C6-837F-FB0646A9C6F2}.Debug|ARM.ActiveCfg = Debug|iPhone
		{AEE8096C-A215-44C6-837F-FB0646A9C6F2}.Debug|ARM.Build.0 = Debug|iPhone
		{AEE8096C-A215-44C6-837F-FB0646A9C6F2}.Debug|ARM.Deploy.0 = Debug|iPhone
		{AEE8096C-A215-44C6-837F-FB0646A9C6F2}.Debug|iPhone.ActiveCfg = Debug|iPhone
		{AEE8096C-A215-44C6-837F-FB0646A9C6F2}.Debug|iPhone.Build.0 = Debug|iPhone
		{AEE8096C-A215-44C6-837F-FB0646A9C6F2}.Debug|iPhone.Deploy.0 = Debug|iPhone
		{AEE8096C-A215-44C6-837F-FB0646A9C6F2}.Debug|iPhoneSimulator.ActiveCfg = Debug|iPhoneSimulator
		{AEE8096C-A215-44C6-837F-FB0646A9C6F2}.Debug|iPhoneSimulator.Build.0 = Debug|iPhoneSimulator
		{AEE8096C-A215-44C6-837F-FB0646A9C6F2}.Debug|iPhoneSimulator.Deploy.0 = Debug|iPhoneSimulator
		{AEE8096C-A215-44C6-837F-FB0646A9C6F2}.Debug|x64.ActiveCfg = Debug|iPhone
		{AEE8096C-A215-44C6-837F-FB0646A9C6F2}.Debug|x64.Build.0 = Debug|iPhone
		{AEE8096C-A215-44C6-837F-FB0646A9C6F2}.Debug|x64.Deploy.0 = Debug|iPhone
		{AEE8096C-A215-44C6-837F-FB0646A9C6F2}.Debug|x86.ActiveCfg = Debug|iPhone
		{AEE8096C-A215-44C6-837F-FB0646A9C6F2}.Debug|x86.Build.0 = Debug|iPhone
		{AEE8096C-A215-44C6-837F-FB0646A9C6F2}.Debug|x86.Deploy.0 = Debug|iPhone
		{AEE8096C-A215-44C6-837F-FB0646A9C6F2}.Release|Any CPU.ActiveCfg = Release|iPhone
		{AEE8096C-A215-44C6-837F-FB0646A9C6F2}.Release|Any CPU.Build.0 = Release|iPhone
		{AEE8096C-A215-44C6-837F-FB0646A9C6F2}.Release|Any CPU.Deploy.0 = Release|iPhone
		{AEE8096C-A215-44C6-837F-FB0646A9C6F2}.Release|ARM.ActiveCfg = Release|iPhone
		{AEE8096C-A215-44C6-837F-FB0646A9C6F2}.Release|ARM.Build.0 = Release|iPhone
		{AEE8096C-A215-44C6-837F-FB0646A9C6F2}.Release|ARM.Deploy.0 = Release|iPhone
		{AEE8096C-A215-44C6-837F-FB0646A9C6F2}.Release|iPhone.ActiveCfg = Release|iPhone
		{AEE8096C-A215-44C6-837F-FB0646A9C6F2}.Release|iPhone.Build.0 = Release|iPhone
		{AEE8096C-A215-44C6-837F-FB0646A9C6F2}.Release|iPhone.Deploy.0 = Release|iPhone
		{AEE8096C-A215-44C6-837F-FB0646A9C6F2}.Release|iPhoneSimulator.ActiveCfg = Release|iPhoneSimulator
		{AEE8096C-A215-44C6-837F-FB0646A9C6F2}.Release|iPhoneSimulator.Build.0 = Release|iPhoneSimulator
		{AEE8096C-A215-44C6-837F-FB0646A9C6F2}.Release|iPhoneSimulator.Deploy.0 = Release|iPhoneSimulator
		{AEE8096C-A215-44C6-837F-FB0646A9C6F2}.Release|x64.ActiveCfg = Release|iPhone
		{AEE8096C-A215-44C6-837F-FB0646A9C6F2}.Release|x64.Build.0 = Release|iPhone
		{AEE8096C-A215-44C6-837F-FB0646A9C6F2}.Release|x64.Deploy.0 = Release|iPhone
		{AEE8096C-A215-44C6-837F-FB0646A9C6F2}.Release|x86.ActiveCfg = Release|iPhone
		{AEE8096C-A215-44C6-837F-FB0646A9C6F2}.Release|x86.Build.0 = Release|iPhone
		{AEE8096C-A215-44C6-837F-FB0646A9C6F2}.Release|x86.Deploy.0 = Release|iPhone
		{CA43C4D7-2A17-4C89-BB0D-B03F20152F3A}.Ad-Hoc|Any CPU.ActiveCfg = Release|x86
		{CA43C4D7-2A17-4C89-BB0D-B03F20152F3A}.Ad-Hoc|Any CPU.Build.0 = Release|x86
		{CA43C4D7-2A17-4C89-BB0D-B03F20152F3A}.Ad-Hoc|Any CPU.Deploy.0 = Release|x86
		{CA43C4D7-2A17-4C89-BB0D-B03F20152F3A}.Ad-Hoc|ARM.ActiveCfg = Release|ARM
		{CA43C4D7-2A17-4C89-BB0D-B03F20152F3A}.Ad-Hoc|ARM.Build.0 = Release|ARM
		{CA43C4D7-2A17-4C89-BB0D-B03F20152F3A}.Ad-Hoc|ARM.Deploy.0 = Release|ARM
		{CA43C4D7-2A17-4C89-BB0D-B03F20152F3A}.Ad-Hoc|iPhone.ActiveCfg = Release|x86
		{CA43C4D7-2A17-4C89-BB0D-B03F20152F3A}.Ad-Hoc|iPhone.Build.0 = Release|x86
		{CA43C4D7-2A17-4C89-BB0D-B03F20152F3A}.Ad-Hoc|iPhone.Deploy.0 = Release|x86
		{CA43C4D7-2A17-4C89-BB0D-B03F20152F3A}.Ad-Hoc|iPhoneSimulator.ActiveCfg = Release|x86
		{CA43C4D7-2A17-4C89-BB0D-B03F20152F3A}.Ad-Hoc|iPhoneSimulator.Build.0 = Release|x86
		{CA43C4D7-2A17-4C89-BB0D-B03F20152F3A}.Ad-Hoc|iPhoneSimulator.Deploy.0 = Release|x86
		{CA43C4D7-2A17-4C89-BB0D-B03F20152F3A}.Ad-Hoc|x64.ActiveCfg = Release|x64
		{CA43C4D7-2A17-4C89-BB0D-B03F20152F3A}.Ad-Hoc|x64.Build.0 = Release|x64
		{CA43C4D7-2A17-4C89-BB0D-B03F20152F3A}.Ad-Hoc|x64.Deploy.0 = Release|x64
		{CA43C4D7-2A17-4C89-BB0D-B03F20152F3A}.Ad-Hoc|x86.ActiveCfg = Release|x86
		{CA43C4D7-2A17-4C89-BB0D-B03F20152F3A}.Ad-Hoc|x86.Build.0 = Release|x86
		{CA43C4D7-2A17-4C89-BB0D-B03F20152F3A}.Ad-Hoc|x86.Deploy.0 = Release|x86
		{CA43C4D7-2A17-4C89-BB0D-B03F20152F3A}.AppStore|Any CPU.ActiveCfg = Release|x86
		{CA43C4D7-2A17-4C89-BB0D-B03F20152F3A}.AppStore|Any CPU.Build.0 = Release|x86
		{CA43C4D7-2A17-4C89-BB0D-B03F20152F3A}.AppStore|Any CPU.Deploy.0 = Release|x86
		{CA43C4D7-2A17-4C89-BB0D-B03F20152F3A}.AppStore|ARM.ActiveCfg = Release|ARM
		{CA43C4D7-2A17-4C89-BB0D-B03F20152F3A}.AppStore|ARM.Build.0 = Release|ARM
		{CA43C4D7-2A17-4C89-BB0D-B03F20152F3A}.AppStore|ARM.Deploy.0 = Release|ARM
		{CA43C4D7-2A17-4C89-BB0D-B03F20152F3A}.AppStore|iPhone.ActiveCfg = Release|x86
		{CA43C4D7-2A17-4C89-BB0D-B03F20152F3A}.AppStore|iPhone.Build.0 = Release|x86
		{CA43C4D7-2A17-4C89-BB0D-B03F20152F3A}.AppStore|iPhone.Deploy.0 = Release|x86
		{CA43C4D7-2A17-4C89-BB0D-B03F20152F3A}.AppStore|iPhoneSimulator.ActiveCfg = Release|x86
		{CA43C4D7-2A17-4C89-BB0D-B03F20152F3A}.AppStore|iPhoneSimulator.Build.0 = Release|x86
		{CA43C4D7-2A17-4C89-BB0D-B03F20152F3A}.AppStore|iPhoneSimulator.Deploy.0 = Release|x86
		{CA43C4D7-2A17-4C89-BB0D-B03F20152F3A}.AppStore|x64.ActiveCfg = Release|x64
		{CA43C4D7-2A17-4C89-BB0D-B03F20152F3A}.AppStore|x64.Build.0 = Release|x64
		{CA43C4D7-2A17-4C89-BB0D-B03F20152F3A}.AppStore|x64.Deploy.0 = Release|x64
		{CA43C4D7-2A17-4C89-BB0D-B03F20152F3A}.AppStore|x86.ActiveCfg = Release|x86
		{CA43C4D7-2A17-4C89-BB0D-B03F20152F3A}.AppStore|x86.Build.0 = Release|x86
		{CA43C4D7-2A17-4C89-BB0D-B03F20152F3A}.AppStore|x86.Deploy.0 = Release|x86
		{CA43C4D7-2A17-4C89-BB0D-B03F20152F3A}.Debug|Any CPU.ActiveCfg = Debug|x86
		{CA43C4D7-2A17-4C89-BB0D-B03F20152F3A}.Debug|Any CPU.Build.0 = Debug|x86
		{CA43C4D7-2A17-4C89-BB0D-B03F20152F3A}.Debug|Any CPU.Deploy.0 = Debug|x86
		{CA43C4D7-2A17-4C89-BB0D-B03F20152F3A}.Debug|ARM.ActiveCfg = Debug|ARM
		{CA43C4D7-2A17-4C89-BB0D-B03F20152F3A}.Debug|ARM.Build.0 = Debug|ARM
		{CA43C4D7-2A17-4C89-BB0D-B03F20152F3A}.Debug|ARM.Deploy.0 = Debug|ARM
		{CA43C4D7-2A17-4C89-BB0D-B03F20152F3A}.Debug|iPhone.ActiveCfg = Debug|x86
		{CA43C4D7-2A17-4C89-BB0D-B03F20152F3A}.Debug|iPhone.Build.0 = Debug|x86
		{CA43C4D7-2A17-4C89-BB0D-B03F20152F3A}.Debug|iPhone.Deploy.0 = Debug|x86
		{CA43C4D7-2A17-4C89-BB0D-B03F20152F3A}.Debug|iPhoneSimulator.ActiveCfg = Debug|x86
		{CA43C4D7-2A17-4C89-BB0D-B03F20152F3A}.Debug|iPhoneSimulator.Build.0 = Debug|x86
		{CA43C4D7-2A17-4C89-BB0D-B03F20152F3A}.Debug|iPhoneSimulator.Deploy.0 = Debug|x86
		{CA43C4D7-2A17-4C89-BB0D-B03F20152F3A}.Debug|x64.ActiveCfg = Debug|x64
		{CA43C4D7-2A17-4C89-BB0D-B03F20152F3A}.Debug|x64.Build.0 = Debug|x64
		{CA43C4D7-2A17-4C89-BB0D-B03F20152F3A}.Debug|x64.Deploy.0 = Debug|x64
		{CA43C4D7-2A17-4C89-BB0D-B03F20152F3A}.Debug|x86.ActiveCfg = Debug|x86
		{CA43C4D7-2A17-4C89-BB0D-B03F20152F3A}.Debug|x86.Build.0 = Debug|x86
		{CA43C4D7-2A17-4C89-BB0D-B03F20152F3A}.Debug|x86.Deploy.0 = Debug|x86
		{CA43C4D7-2A17-4C89-BB0D-B03F20152F3A}.Release|Any CPU.ActiveCfg = Release|x86
		{CA43C4D7-2A17-4C89-BB0D-B03F20152F3A}.Release|Any CPU.Build.0 = Release|x86
		{CA43C4D7-2A17-4C89-BB0D-B03F20152F3A}.Release|Any CPU.Deploy.0 = Release|x86
		{CA43C4D7-2A17-4C89-BB0D-B03F20152F3A}.Release|ARM.ActiveCfg = Release|ARM
		{CA43C4D7-2A17-4C89-BB0D-B03F20152F3A}.Release|ARM.Build.0 = Release|ARM
		{CA43C4D7-2A17-4C89-BB0D-B03F20152F3A}.Release|ARM.Deploy.0 = Release|ARM
		{CA43C4D7-2A17-4C89-BB0D-B03F20152F3A}.Release|iPhone.ActiveCfg = Release|x86
		{CA43C4D7-2A17-4C89-BB0D-B03F20152F3A}.Release|iPhone.Build.0 = Release|x86
		{CA43C4D7-2A17-4C89-BB0D-B03F20152F3A}.Release|iPhone.Deploy.0 = Release|x86
		{CA43C4D7-2A17-4C89-BB0D-B03F20152F3A}.Release|iPhoneSimulator.ActiveCfg = Release|x86
		{CA43C4D7-2A17-4C89-BB0D-B03F20152F3A}.Release|iPhoneSimulator.Build.0 = Release|x86
		{CA43C4D7-2A17-4C89-BB0D-B03F20152F3A}.Release|iPhoneSimulator.Deploy.0 = Release|x86
		{CA43C4D7-2A17-4C89-BB0D-B03F20152F3A}.Release|x64.ActiveCfg = Release|x64
		{CA43C4D7-2A17-4C89-BB0D-B03F20152F3A}.Release|x64.Build.0 = Release|x64
		{CA43C4D7-2A17-4C89-BB0D-B03F20152F3A}.Release|x64.Deploy.0 = Release|x64
		{CA43C4D7-2A17-4C89-BB0D-B03F20152F3A}.Release|x86.ActiveCfg = Release|x86
		{CA43C4D7-2A17-4C89-BB0D-B03F20152F3A}.Release|x86.Build.0 = Release|x86
		{CA43C4D7-2A17-4C89-BB0D-B03F20152F3A}.Release|x86.Deploy.0 = Release|x86
	EndGlobalSection
	GlobalSection(SolutionProperties) = preSolution
		HideSolutionNode = FALSE
	EndGlobalSection
	GlobalSection(ExtensibilityGlobals) = postSolution
		SolutionGuid = {18558880-E88E-40C4-AEC7-9047DCCA7AAA}
	EndGlobalSection
EndGlobal
